
Microsoft Visual Studio Solution File, Format Version 12.00
# Visual Studio Version 17
VisualStudioVersion = 17.2.32616.157
MinimumVisualStudioVersion = 10.0.40219.1
Project("{FAE04EC0-301F-11D3-BF4B-00C04F79EFBC}") = "NetInfo", "NetInfo\NetInfo.csproj", "{099ACFCE-C6BA-4517-8572-88B872D7A33A}"
EndProject
Project("{FAE04EC0-301F-11D3-BF4B-00C04F79EFBC}") = "Formula.CommandTools", "Formula.CommandTools\Formula.CommandTools.csproj", "{4C6E8A0D-6A28-4995-9A2E-80887CF86752}"
EndProject
Project("{FAE04EC0-301F-11D3-BF4B-00C04F79EFBC}") = "Formula.CommandTools.UnitTests", "Formula.CommandTools.UnitTests\Formula.CommandTools.UnitTests.csproj", "{C728E913-D55F-4990-A7A9-BFAB1151F663}"
EndProject
Global
	GlobalSection(SolutionConfigurationPlatforms) = preSolution
		Debug|Any CPU = Debug|Any CPU
		Release|Any CPU = Release|Any CPU
	EndGlobalSection
	GlobalSection(ProjectConfigurationPlatforms) = postSolution
		{099ACFCE-C6BA-4517-8572-88B872D7A33A}.Debug|Any CPU.ActiveCfg = Debug|Any CPU
		{099ACFCE-C6BA-4517-8572-88B872D7A33A}.Debug|Any CPU.Build.0 = Debug|Any CPU
		{099ACFCE-C6BA-4517-8572-88B872D7A33A}.Release|Any CPU.ActiveCfg = Release|Any CPU
		{099ACFCE-C6BA-4517-8572-88B872D7A33A}.Release|Any CPU.Build.0 = Release|Any CPU
		{4C6E8A0D-6A28-4995-9A2E-80887CF86752}.Debug|Any CPU.ActiveCfg = Debug|Any CPU
		{4C6E8A0D-6A28-4995-9A2E-80887CF86752}.Debug|Any CPU.Build.0 = Debug|Any CPU
		{4C6E8A0D-6A28-4995-9A2E-80887CF86752}.Release|Any CPU.ActiveCfg = Release|Any CPU
		{4C6E8A0D-6A28-4995-9A2E-80887CF86752}.Release|Any CPU.Build.0 = Release|Any CPU
		{C728E913-D55F-4990-A7A9-BFAB1151F663}.Debug|Any CPU.ActiveCfg = Debug|Any CPU
		{C728E913-D55F-4990-A7A9-BFAB1151F663}.Debug|Any CPU.Build.0 = Debug|Any CPU
		{C728E913-D55F-4990-A7A9-BFAB1151F663}.Release|Any CPU.ActiveCfg = Release|Any CPU
		{C728E913-D55F-4990-A7A9-BFAB1151F663}.Release|Any CPU.Build.0 = Release|Any CPU
	EndGlobalSection
	GlobalSection(SolutionProperties) = preSolution
		HideSolutionNode = FALSE
	EndGlobalSection
	GlobalSection(ExtensibilityGlobals) = postSolution
		SolutionGuid = {7FA3908E-A2AA-4714-A6D0-8B3690D770B2}
	EndGlobalSection
EndGlobal
